PODS:
  - AloeStackView (1.2.0)
  - Yoga (1.14.0)
  - YogaKit (1.18.1):
    - Yoga (~> 1.14)

DEPENDENCIES:
  - AloeStackView
  - YogaKit (~> 1.14)

SPEC REPOS:
  trunk:
    - AloeStackView
    - Yoga
    - YogaKit

SPEC CHECKSUMS:
  AloeStackView: 8a4ce0efa08128dd78d538372f60c76c224034bb
  Yoga: cff67a400f6b74dc38eb0bad4f156673d9aa980c
  YogaKit: f782866e155069a2cca2517aafea43200b01fd5a

PODFILE CHECKSUM: 193401c989818bce52c1dbc9b455c825d4928247

COCOAPODS: 1.8.4
